
Microsoft Visual Studio Solution File, Format Version 12.00
# Visual Studio Version 16
VisualStudioVersion = 25.0.1703.6
MinimumVisualStudioVersion = 10.0.40219.1
Project("{FAE04EC0-301F-11D3-BF4B-00C04F79EFBC}") = "Activity_5", "Activity_5\Activity_5.csproj", "{CAD4168D-C44A-4066-AF65-71A475336CDF}"
EndProject
Global
	GlobalSection(SolutionConfigurationPlatforms) = preSolution
		Debug|Any CPU = Debug|Any CPU
		Release|Any CPU = Release|Any CPU
	EndGlobalSection
	GlobalSection(ProjectConfigurationPlatforms) = postSolution
		{CAD4168D-C44A-4066-AF65-71A475336CDF}.Debug|Any CPU.ActiveCfg = Debug|Any CPU
		{CAD4168D-C44A-4066-AF65-71A475336CDF}.Debug|Any CPU.Build.0 = Debug|Any CPU
		{CAD4168D-C44A-4066-AF65-71A475336CDF}.Release|Any CPU.ActiveCfg = Release|Any CPU
		{CAD4168D-C44A-4066-AF65-71A475336CDF}.Release|Any CPU.Build.0 = Release|Any CPU
	EndGlobalSection
	GlobalSection(SolutionProperties) = preSolution
		HideSolutionNode = FALSE
	EndGlobalSection
	GlobalSection(ExtensibilityGlobals) = postSolution
		SolutionGuid = {FD0D6B34-C34B-42AC-9C1E-27DECB8F6706}
	EndGlobalSection
EndGlobal
