
Microsoft Visual Studio Solution File, Format Version 12.00
# Visual Studio Version 16
VisualStudioVersion = 25.0.1703.6
MinimumVisualStudioVersion = 10.0.40219.1
Project("{FAE04EC0-301F-11D3-BF4B-00C04F79EFBC}") = "Activity_4", "Activity_4\Activity_4.csproj", "{67B90908-D23E-4612-906C-B79259CE2613}"
EndProject
Global
	GlobalSection(SolutionConfigurationPlatforms) = preSolution
		Debug|Any CPU = Debug|Any CPU
		Release|Any CPU = Release|Any CPU
	EndGlobalSection
	GlobalSection(ProjectConfigurationPlatforms) = postSolution
		{67B90908-D23E-4612-906C-B79259CE2613}.Debug|Any CPU.ActiveCfg = Debug|Any CPU
		{67B90908-D23E-4612-906C-B79259CE2613}.Debug|Any CPU.Build.0 = Debug|Any CPU
		{67B90908-D23E-4612-906C-B79259CE2613}.Release|Any CPU.ActiveCfg = Release|Any CPU
		{67B90908-D23E-4612-906C-B79259CE2613}.Release|Any CPU.Build.0 = Release|Any CPU
	EndGlobalSection
	GlobalSection(SolutionProperties) = preSolution
		HideSolutionNode = FALSE
	EndGlobalSection
	GlobalSection(ExtensibilityGlobals) = postSolution
		SolutionGuid = {07099C81-76C1-47DA-9AF1-A813F98FDC95}
	EndGlobalSection
EndGlobal
